Microsoft Visual Studio Solution File, Format Version 12.00
# Visual Studio 2012
Project("{FAE04EC0-301F-11D3-BF4B-00C04F79EFBC}") = "mono-crash", "mono-crash.csproj", "{D1F92E7C-79D3-4B23-85D4-80E04A0F2D83}"
EndProject
Global
	GlobalSection(SolutionConfigurationPlatforms) = preSolution
	Debug|Any CPU = Debug|Any CPU
	ExportDebug|Any CPU = ExportDebug|Any CPU
	ExportRelease|Any CPU = ExportRelease|Any CPU
	EndGlobalSection
	GlobalSection(ProjectConfigurationPlatforms) = postSolution
		{D1F92E7C-79D3-4B23-85D4-80E04A0F2D83}.Debug|Any CPU.ActiveCfg = Debug|Any CPU
		{D1F92E7C-79D3-4B23-85D4-80E04A0F2D83}.Debug|Any CPU.Build.0 = Debug|Any CPU
		{D1F92E7C-79D3-4B23-85D4-80E04A0F2D83}.ExportDebug|Any CPU.ActiveCfg = ExportDebug|Any CPU
		{D1F92E7C-79D3-4B23-85D4-80E04A0F2D83}.ExportDebug|Any CPU.Build.0 = ExportDebug|Any CPU
		{D1F92E7C-79D3-4B23-85D4-80E04A0F2D83}.ExportRelease|Any CPU.ActiveCfg = ExportRelease|Any CPU
		{D1F92E7C-79D3-4B23-85D4-80E04A0F2D83}.ExportRelease|Any CPU.Build.0 = ExportRelease|Any CPU
	EndGlobalSection
EndGlobal
